{
    "_readme": [
        "This file locks the dependencies of your project to a known state",
        "Read more about it at http://getcomposer.org/doc/01-basic-usage.md#composer-lock-the-lock-file",
        "This file is @generated automatically"
    ],
    "hash": "3c971206414b2936a4a7751f89f62c8e",
    "packages": [
        {
            "name": "kimihub/nemesis-framework",
            "version": "0.7.6",
            "source": {
                "type": "git",
                "url": "https://github.com/kimihub/nemesis-framework.git",
                "reference": "17c6406b53dbd6ff011f4f0b4c6591856c057e8f"
            },
            "dist": {
                "type": "zip",
                "url": "https://api.github.com/repos/kimihub/nemesis-framework/zipball/17c6406b53dbd6ff011f4f0b4c6591856c057e8f",
                "reference": "17c6406b53dbd6ff011f4f0b4c6591856c057e8f",
                "shasum": ""
            },
            "require": {
                "php": ">=5.3.0"
            },
            "type": "library",
            "autoload": {
                "files": [
                    "nemesis.php"
                ]
            },
            "notification-url": "https://packagist.org/downloads/",
            "license": [
                "GPL-3.0"
            ],
            "authors": [
                {
                    "name": "Kim I. Castelli",
                    "email": "kim.himitsu@gmail.com",
                    "homepage": "https://kimihub.github.io",
                    "role": "Developer"
                }
            ],
            "description": "Small PHP5 Framework",
            "homepage": "https://github.com/kimihub/nemesis-framework",
            "keywords": [
                "framework",
                "mvc",
                "rest"
            ],
            "time": "2015-04-10 02:40:25"
        }
    ],
    "packages-dev": [],
    "aliases": [],
    "minimum-stability": "stable",
    "stability-flags": [],
    "prefer-stable": false,
    "prefer-lowest": false,
    "platform": {
        "php": ">=5.3.0",
        "lib-curl": "*",
        "ext-pdo_sqlite": "*",
        "ext-gd": "*",
        "ext-exif": "*"
    },
    "platform-dev": []
}
